
# cargo-vet imports lock

[[audits.OpenDevicePartnership.audits.addr2line]]
who = "Robert Zieba <robertzieba@microsoft.com>"
criteria = "safe-to-run"
version = "0.24.2"
aggregated-from = "https://raw.githubusercontent.com/OpenDevicePartnership/embedded-services/refs/heads/main/supply-chain/audits.toml"

[[audits.OpenDevicePartnership.audits.autocfg]]
who = "Jerry Xie <jerryxie@microsoft.com>"
criteria = "safe-to-deploy"
delta = "1.4.0 -> 1.5.0"
notes = "No unsafe, no build.rs, no network access; delta adds edition-aware rustc probing and best-effort probe-file cleanup only. Assisted-by: copilot-cli:GPT-5.3-Codex"
aggregated-from = "https://raw.githubusercontent.com/OpenDevicePartnership/embedded-services/refs/heads/main/supply-chain/audits.toml"

[[audits.OpenDevicePartnership.audits.backtrace]]
who = "Robert Zieba <robertzieba@microsoft.com>"
criteria = "safe-to-run"
version = "0.3.75"
aggregated-from = "https://raw.githubusercontent.com/OpenDevicePartnership/embedded-services/refs/heads/main/supply-chain/audits.toml"

[[audits.OpenDevicePartnership.audits.cfg-if]]
who = "Jerry Xie <jerryxie@microsoft.com>"
criteria = "safe-to-deploy"
delta = "1.0.0 -> 1.0.3"
notes = "Delta 1.0.0->1.0.3: formatting/readability refactor of macro identifiers, removed compiler_builtins dep, updated CI. No unsafe, no build script, no imports. Pure macro_rules crate. Assisted-by: copilot-cli:claude-opus-4.6"
aggregated-from = "https://raw.githubusercontent.com/OpenDevicePartnership/embedded-services/refs/heads/main/supply-chain/audits.toml"

[[audits.OpenDevicePartnership.audits.embedded-hal]]
who = "Felipe Balbi <felipe.balbi@microsoft.com>"
criteria = "safe-to-deploy"
version = "0.2.7"
aggregated-from = "https://raw.githubusercontent.com/OpenDevicePartnership/mcxa-pac/refs/heads/main/supply-chain/audits.toml"

[[audits.OpenDevicePartnership.audits.embedded-hal]]
who = "Jerry Xie <jerryxie@microsoft.com>"
criteria = "safe-to-deploy"
delta = "0.2.7 -> 1.0.0"
notes = "Pure no_std trait crate. Complete API redesign for 1.0: removed nb-based traits, CAN module, all unsafe code. Only defines traits/enums/types for digital, I2C, SPI, PWM, delay. No build script, no proc macros, no powerful imports. Assisted-by: copilot-cli:claude-opus-4.6"
aggregated-from = "https://raw.githubusercontent.com/OpenDevicePartnership/embedded-services/refs/heads/main/supply-chain/audits.toml"

[[audits.OpenDevicePartnership.audits.embedded-hal-async]]
who = "Jerry Xie <jerryxie@microsoft.com>"
criteria = "safe-to-deploy"
version = "1.0.0"
notes = "no_std async HAL trait definitions. No unsafe in library. Build script only runs rustc --version. Assisted-by: copilot-cli:claude-opus-4.6"
aggregated-from = "https://raw.githubusercontent.com/OpenDevicePartnership/embedded-services/refs/heads/main/supply-chain/audits.toml"

[[audits.OpenDevicePartnership.audits.embedded-hal-nb]]
who = "Jerry Xie <jerryxie@microsoft.com>"
criteria = "safe-to-deploy"
version = "1.0.0"
notes = "no_std trait-only crate. No unsafe, no build script, no proc macros, no powerful imports. Assisted-by: copilot-cli:claude-opus-4.6"
aggregated-from = "https://raw.githubusercontent.com/OpenDevicePartnership/embedded-services/refs/heads/main/supply-chain/audits.toml"

[[audits.OpenDevicePartnership.audits.gimli]]
who = "Robert Zieba <robertzieba@microsoft.com>"
criteria = "safe-to-run"
version = "0.31.1"
aggregated-from = "https://raw.githubusercontent.com/OpenDevicePartnership/embedded-services/refs/heads/main/supply-chain/audits.toml"

[[audits.OpenDevicePartnership.audits.io-uring]]
who = "Jerry Xie <jerryxie@microsoft.com>"
criteria = "safe-to-run"
delta = "0.5.13 -> 0.7.10"
notes = "Delta audit. Linux io_uring bindings. +15 hand-written unsafe (new from_fd, buffer/file registration APIs). SeqCst fence fix improves atomics correctness. Probe refactored to stack allocation. Build script adds cfg checks only. All unsafe for expected syscall/mmap/fd operations. Assisted-by: copilot-cli:claude-opus-4.6"
aggregated-from = "https://raw.githubusercontent.com/OpenDevicePartnership/embedded-services/refs/heads/main/supply-chain/audits.toml"

[[audits.OpenDevicePartnership.audits.itertools]]
who = "Felipe Balbi <febalbi@microsoft.com>"
criteria = "safe-to-deploy"
version = "0.11.0"
notes = "Used as a dependency for embassy-imxrt."
aggregated-from = "https://raw.githubusercontent.com/OpenDevicePartnership/embedded-services/refs/heads/main/supply-chain/audits.toml"

[[audits.OpenDevicePartnership.audits.memchr]]
who = "Robert Zieba <robertzieba@microsoft.com>"
criteria = "safe-to-run"
version = "2.7.4"
aggregated-from = "https://raw.githubusercontent.com/OpenDevicePartnership/embedded-services/refs/heads/main/supply-chain/audits.toml"

[[audits.OpenDevicePartnership.audits.mio]]
who = "Jerry Xie <jerryxie@microsoft.com>"
criteria = "safe-to-run"
delta = "1.0.1 -> 1.0.4"
notes = "Delta 1.0.1->1.0.4: I/O safety trait impls, AIX poll(2) support, windows-sys 0.59 pointer fixes. Unsafe Send/Sync for CompletionPort/Inner sound. Assisted-by: copilot-cli:claude-opus-4.6"
aggregated-from = "https://raw.githubusercontent.com/OpenDevicePartnership/embedded-services/refs/heads/main/supply-chain/audits.toml"

[[audits.OpenDevicePartnership.audits.num-iter]]
who = "Jerry Xie <jerryxie@microsoft.com>"
criteria = "safe-to-deploy"
delta = "0.1.43 -> 0.1.45"
notes = "Delta audit: edition upgrade to 2018, MSRV 1.31, build.rs removed, i128 now unconditional, DoubleEndedIterator uses Integer::dec(). No unsafe, no powerful imports, no_std only. Assisted-by: copilot-cli:claude-opus-4.6"
aggregated-from = "https://raw.githubusercontent.com/OpenDevicePartnership/embedded-services/refs/heads/main/supply-chain/audits.toml"

[[audits.OpenDevicePartnership.audits.object]]
who = "Robert Zieba <robertzieba@microsoft.com>"
criteria = "safe-to-run"
version = "0.36.7"
aggregated-from = "https://raw.githubusercontent.com/OpenDevicePartnership/embedded-services/refs/heads/main/supply-chain/audits.toml"

[[audits.OpenDevicePartnership.audits.proc-macro-error]]
who = "Jerry Xie <jerryxie@microsoft.com>"
criteria = "safe-to-deploy"
version = "1.0.4"
aggregated-from = "https://raw.githubusercontent.com/OpenDevicePartnership/embedded-services/refs/heads/main/supply-chain/audits.toml"

[[audits.OpenDevicePartnership.audits.slab]]
who = "Jerry Xie <jerryxie@microsoft.com>"
criteria = "safe-to-run"
delta = "0.4.8 -> 0.4.11"
notes = "Delta 0.4.8->0.4.11: new get_disjoint_mut uses unsafe (MaybeUninit + raw ptrs) with sound bounds/overlap checks. build.rs removed. No powerful imports. Assisted-by: copilot-cli:claude-opus-4.6"
aggregated-from = "https://raw.githubusercontent.com/OpenDevicePartnership/embedded-services/refs/heads/main/supply-chain/audits.toml"

[[audits.OpenDevicePartnership.audits.syn]]
who = "Felipe Balbi <felipe.balbi@microsoft.com>"
criteria = "safe-to-deploy"
version = "2.0.109"
aggregated-from = "https://raw.githubusercontent.com/OpenDevicePartnership/mcxa-pac/refs/heads/main/supply-chain/audits.toml"

[[audits.OpenDevicePartnership.audits.tokio]]
who = "Robert Zieba <robertzieba@microsoft.com>"
criteria = "safe-to-run"
version = "1.45.0"
aggregated-from = "https://raw.githubusercontent.com/OpenDevicePartnership/embedded-services/refs/heads/main/supply-chain/audits.toml"

[[audits.OpenDevicePartnership.audits.tokio-macros]]
who = "Robert Zieba <robertzieba@microsoft.com>"
criteria = "safe-to-run"
version = "2.5.0"
aggregated-from = "https://raw.githubusercontent.com/OpenDevicePartnership/embedded-services/refs/heads/main/supply-chain/audits.toml"

[[audits.OpenDevicePartnership.audits.version_check]]
who = "Jerry Xie <jerryxie@microsoft.com>"
criteria = "safe-to-deploy"
delta = "0.9.4 -> 0.9.5"
notes = "Delta 0.9.4->0.9.5: documentation-only changes (added feature detection guidance, doc cross-references) and Cargo.toml normalization. No code changes, no unsafe, no new imports. Assisted-by: copilot-cli:claude-opus-4.6"
aggregated-from = "https://raw.githubusercontent.com/OpenDevicePartnership/embedded-services/refs/heads/main/supply-chain/audits.toml"

[[audits.OpenDevicePartnership.audits.wasi]]
who = "Jerry Xie <jerryxie@microsoft.com>"
criteria = "safe-to-run"
version = "0.11.1+wasi-snapshot-preview1"
notes = "Auto-generated WASI snapshot-preview1 bindings from Bytecode Alliance. no_std, no build script, zero runtime deps. Unsafe limited to FFI wrappers for WASI host calls and unreachable_unchecked in exhaustive enum match arms. Assisted-by: copilot-chat:claude-opus-4.6"
aggregated-from = "https://raw.githubusercontent.com/OpenDevicePartnership/embedded-services/refs/heads/main/supply-chain/audits.toml"

[[audits.OpenDevicePartnership.audits.windows-targets]]
who = "Robert Zieba <robertzieba@microsoft.com>"
criteria = "safe-to-run"
version = "0.52.6"
aggregated-from = "https://raw.githubusercontent.com/OpenDevicePartnership/embedded-services/refs/heads/main/supply-chain/audits.toml"

[[audits.OpenDevicePartnership.audits.windows_aarch64_gnullvm]]
who = "Robert Zieba <robertzieba@microsoft.com>"
criteria = "safe-to-run"
version = "0.52.6"
aggregated-from = "https://raw.githubusercontent.com/OpenDevicePartnership/embedded-services/refs/heads/main/supply-chain/audits.toml"

[[audits.OpenDevicePartnership.audits.windows_aarch64_msvc]]
who = "Robert Zieba <robertzieba@microsoft.com>"
criteria = "safe-to-run"
version = "0.52.6"
aggregated-from = "https://raw.githubusercontent.com/OpenDevicePartnership/embedded-services/refs/heads/main/supply-chain/audits.toml"

[[audits.OpenDevicePartnership.audits.windows_i686_gnu]]
who = "Robert Zieba <robertzieba@microsoft.com>"
criteria = "safe-to-run"
version = "0.52.6"
aggregated-from = "https://raw.githubusercontent.com/OpenDevicePartnership/embedded-services/refs/heads/main/supply-chain/audits.toml"

[[audits.OpenDevicePartnership.audits.windows_i686_gnullvm]]
who = "Robert Zieba <robertzieba@microsoft.com>"
criteria = "safe-to-run"
version = "0.52.6"
aggregated-from = "https://raw.githubusercontent.com/OpenDevicePartnership/embedded-services/refs/heads/main/supply-chain/audits.toml"

[[audits.OpenDevicePartnership.audits.windows_i686_msvc]]
who = "Robert Zieba <robertzieba@microsoft.com>"
criteria = "safe-to-run"
version = "0.52.6"
aggregated-from = "https://raw.githubusercontent.com/OpenDevicePartnership/embedded-services/refs/heads/main/supply-chain/audits.toml"

[[audits.OpenDevicePartnership.audits.windows_x86_64_gnu]]
who = "Robert Zieba <robertzieba@microsoft.com>"
criteria = "safe-to-run"
version = "0.52.6"
aggregated-from = "https://raw.githubusercontent.com/OpenDevicePartnership/embedded-services/refs/heads/main/supply-chain/audits.toml"

[[audits.OpenDevicePartnership.audits.windows_x86_64_gnullvm]]
who = "Robert Zieba <robertzieba@microsoft.com>"
criteria = "safe-to-run"
version = "0.52.6"
aggregated-from = "https://raw.githubusercontent.com/OpenDevicePartnership/embedded-services/refs/heads/main/supply-chain/audits.toml"

[[audits.OpenDevicePartnership.audits.windows_x86_64_msvc]]
who = "Robert Zieba <robertzieba@microsoft.com>"
criteria = "safe-to-run"
version = "0.52.6"
aggregated-from = "https://raw.githubusercontent.com/OpenDevicePartnership/embedded-services/refs/heads/main/supply-chain/audits.toml"

[[audits.bytecode-alliance.audits.adler2]]
who = "Alex Crichton <alex@alexcrichton.com>"
criteria = "safe-to-deploy"
version = "2.0.0"
notes = "Fork of the original `adler` crate, zero unsfae code, works in `no_std`, does what it says on th tin."

[[audits.bytecode-alliance.audits.cfg-if]]
who = "Alex Crichton <alex@alexcrichton.com>"
criteria = "safe-to-deploy"
version = "1.0.0"
notes = "I am the author of this crate."

[[audits.bytecode-alliance.audits.libc]]
who = "Alex Crichton <alex@alexcrichton.com>"
criteria = "safe-to-deploy"
delta = "0.2.146 -> 0.2.147"
notes = "Only new type definitions and updating others for some platforms, no major changes"

[[audits.bytecode-alliance.audits.libc]]
who = "Alex Crichton <alex@alexcrichton.com>"
criteria = "safe-to-deploy"
delta = "0.2.153 -> 0.2.158"
notes = "More platforms, more definitions, more headers, it's still just `libc`"

[[audits.bytecode-alliance.audits.libc]]
who = "Dan Gohman <dev@sunfishcode.online>"
criteria = "safe-to-deploy"
delta = "0.2.158 -> 0.2.161"

[[audits.bytecode-alliance.audits.libc]]
who = "Alex Crichton <alex@alexcrichton.com>"
criteria = "safe-to-deploy"
delta = "0.2.161 -> 0.2.171"
notes = """
Lots of unsafe, but that's par for the course with libc, it's all FFI type
definitions updates/adjustments/etc.
"""

[[audits.bytecode-alliance.audits.miniz_oxide]]
who = "Alex Crichton <alex@alexcrichton.com>"
criteria = "safe-to-deploy"
version = "0.7.1"
notes = """
This crate is a Rust implementation of zlib compression/decompression and has
been used by default by the Rust standard library for quite some time. It's also
a default dependency of the popular `backtrace` crate for decompressing debug
information. This crate forbids unsafe code and does not otherwise access system
resources. It's originally a port of the `miniz.c` library as well, and given
its own longevity should be relatively hardened against some of the more common
compression-related issues.
"""

[[audits.bytecode-alliance.audits.miniz_oxide]]
who = "Alex Crichton <alex@alexcrichton.com>"
criteria = "safe-to-deploy"
delta = "0.7.1 -> 0.8.0"
notes = "Minor updates, using new Rust features like `const`, no major changes."

[[audits.bytecode-alliance.audits.miniz_oxide]]
who = "Alex Crichton <alex@alexcrichton.com>"
criteria = "safe-to-deploy"
delta = "0.8.0 -> 0.8.5"
notes = """
Lots of small updates here and there, for example around modernizing Rust
idioms. No new `unsafe` code and everything looks like what you'd expect a
compression library to be doing.
"""

[[audits.bytecode-alliance.audits.miniz_oxide]]
who = "Alex Crichton <alex@alexcrichton.com>"
criteria = "safe-to-deploy"
delta = "0.8.5 -> 0.8.9"
notes = "No new unsafe code, just refactorings."

[[audits.bytecode-alliance.audits.num-traits]]
who = "Andrew Brown <andrew.brown@intel.com>"
criteria = "safe-to-deploy"
version = "0.2.19"
notes = "As advertised: a numeric library. The only `unsafe` is from some float-to-int conversions, which seems expected."

[[audits.bytecode-alliance.audits.pin-project-lite]]
who = "Alex Crichton <alex@alexcrichton.com>"
criteria = "safe-to-deploy"
delta = "0.2.13 -> 0.2.14"
notes = "No substantive changes in this update"

[[audits.bytecode-alliance.audits.rustc-demangle]]
who = "Alex Crichton <alex@alexcrichton.com>"
criteria = "safe-to-deploy"
version = "0.1.21"
notes = "I am the author of this crate."

[[audits.bytecode-alliance.audits.rustc-demangle]]
who = "Alex Crichton <alex@alexcrichton.com>"
criteria = "safe-to-deploy"
delta = "0.1.21 -> 0.1.24"

[[audits.google.audits.autocfg]]
who = "Manish Goregaokar <manishearth@google.com>"
criteria = "safe-to-deploy"
version = "1.4.0"
notes = "Contains no unsafe"
aggregated-from = "https://chromium.googlesource.com/chromium/src/+/main/third_party/rust/chromium_crates_io/supply-chain/audits.toml?format=TEXT"

[[audits.google.audits.bitflags]]
who = "Justin Green <greenjustin@google.com>"
criteria = "safe-to-run"
version = "2.6.0"
aggregated-from = "https://chromium.googlesource.com/chromiumos/third_party/rust_crates/+/refs/heads/main/cargo-vet/audits.toml?format=TEXT"

[[audits.google.audits.bitflags]]
who = "Lukasz Anforowicz <lukasza@chromium.org>"
criteria = "safe-to-deploy"
delta = "2.6.0 -> 2.8.0"
notes = "No changes related to `unsafe impl ... bytemuck` pieces from `src/external.rs`."
aggregated-from = "https://chromium.googlesource.com/chromium/src/+/main/third_party/rust/chromium_crates_io/supply-chain/audits.toml?format=TEXT"

[[audits.google.audits.bitflags]]
who = "Daniel Cheng <dcheng@chromium.org>"
criteria = "safe-to-deploy"
delta = "2.8.0 -> 2.9.0"
notes = "Adds a straightforward clear() function, but no new unsafe code."
aggregated-from = "https://chromium.googlesource.com/chromium/src/+/main/third_party/rust/chromium_crates_io/supply-chain/audits.toml?format=TEXT"

[[audits.google.audits.either]]
who = "Manish Goregaokar <manishearth@google.com>"
criteria = "safe-to-deploy"
version = "1.13.0"
notes = "Unsafe code pertaining to wrapping Pin APIs. Mostly passes invariants down."
aggregated-from = "https://chromium.googlesource.com/chromium/src/+/main/third_party/rust/chromium_crates_io/supply-chain/audits.toml?format=TEXT"

[[audits.google.audits.either]]
who = "Daniel Cheng <dcheng@chromium.org>"
criteria = "safe-to-deploy"
delta = "1.13.0 -> 1.14.0"
notes = """
Inheriting ub-risk-1 from the baseline review of 1.13.0. While the delta has some diffs in unsafe code, they are either:
- migrating code to use helper macros
- migrating match patterns to take advantage of default bindings mode from RFC 2005
Either way, the result is code that does exactly the same thing and does not change the risk of UB.

See https://crrev.com/c/6323164 for more audit details.
"""
aggregated-from = "https://chromium.googlesource.com/chromium/src/+/main/third_party/rust/chromium_crates_io/supply-chain/audits.toml?format=TEXT"

[[audits.google.audits.either]]
who = "Lukasz Anforowicz <lukasza@chromium.org>"
criteria = "safe-to-deploy"
delta = "1.14.0 -> 1.15.0"
notes = 'The delta in `lib.rs` only tweaks doc comments and `#[cfg(feature = "std")]`.'
aggregated-from = "https://chromium.googlesource.com/chromium/src/+/main/third_party/rust/chromium_crates_io/supply-chain/audits.toml?format=TEXT"

[[audits.google.audits.embedded-hal-mock]]
who = "George Burgess IV <gbiv@google.com>"
criteria = "safe-to-run"
version = "0.8.0"
aggregated-from = "https://chromium.googlesource.com/chromiumos/third_party/rust_crates/+/refs/heads/main/cargo-vet/audits.toml?format=TEXT"

[[audits.google.audits.io-uring]]
who = "George Burgess IV <gbiv@google.com>"
criteria = "safe-to-run"
version = "0.5.13"
aggregated-from = "https://chromium.googlesource.com/chromiumos/third_party/rust_crates/+/refs/heads/main/cargo-vet/audits.toml?format=TEXT"

[[audits.google.audits.libc]]
who = "George Burgess IV <gbiv@google.com>"
criteria = "safe-to-run"
version = "0.2.146"
notes = """
Much like the getrandom crate, this exports interfaces to APIs which perform
crypto, but does not implement any crypto itself.
"""
aggregated-from = "https://chromium.googlesource.com/chromiumos/third_party/rust_crates/+/refs/heads/main/cargo-vet/audits.toml?format=TEXT"

[[audits.google.audits.libc]]
who = "Daniel Verkamp <dverkamp@chromium.org>"
criteria = "safe-to-run"
delta = "0.2.147 -> 0.2.153"
aggregated-from = "https://chromium.googlesource.com/chromiumos/third_party/rust_crates/+/refs/heads/main/cargo-vet/audits.toml?format=TEXT"

[[audits.google.audits.mio]]
who = "Vovo Yang <vovoy@google.com>"
criteria = "safe-to-run"
version = "0.8.8"
aggregated-from = "https://chromium.googlesource.com/chromiumos/third_party/rust_crates/+/refs/heads/main/cargo-vet/audits.toml?format=TEXT"

[[audits.google.audits.nb]]
who = "George Burgess IV <gbiv@google.com>"
criteria = "safe-to-deploy"
version = "1.0.0"
aggregated-from = "https://chromium.googlesource.com/chromiumos/third_party/rust_crates/+/refs/heads/main/cargo-vet/audits.toml?format=TEXT"

[[audits.google.audits.nb]]
who = "George Burgess IV <gbiv@google.com>"
criteria = "safe-to-deploy"
delta = "1.0.0 -> 0.1.3"
aggregated-from = "https://chromium.googlesource.com/chromiumos/third_party/rust_crates/+/refs/heads/main/cargo-vet/audits.toml?format=TEXT"

[[audits.google.audits.nb]]
who = "George Burgess IV <gbiv@google.com>"
criteria = "safe-to-deploy"
delta = "1.0.0 -> 1.1.0"
aggregated-from = "https://chromium.googlesource.com/chromiumos/third_party/rust_crates/+/refs/heads/main/cargo-vet/audits.toml?format=TEXT"

[[audits.google.audits.num-integer]]
who = "Manish Goregaokar <manishearth@google.com>"
criteria = "safe-to-deploy"
version = "0.1.46"
notes = "Contains no unsafe"
aggregated-from = "https://chromium.googlesource.com/chromium/src/+/main/third_party/rust/chromium_crates_io/supply-chain/audits.toml?format=TEXT"

[[audits.google.audits.num-iter]]
who = "George Burgess IV <gbiv@google.com>"
criteria = "safe-to-deploy"
version = "0.1.43"
aggregated-from = "https://chromium.googlesource.com/chromiumos/third_party/rust_crates/+/refs/heads/main/cargo-vet/audits.toml?format=TEXT"

[[audits.google.audits.pin-project-lite]]
who = "ChromeOS"
criteria = "safe-to-run"
version = "0.2.9"
aggregated-from = "https://chromium.googlesource.com/chromiumos/third_party/rust_crates/+/refs/heads/main/cargo-vet/audits.toml?format=TEXT"

[[audits.google.audits.pin-project-lite]]
who = "David Koloski <dkoloski@google.com>"
criteria = "safe-to-deploy"
delta = "0.2.9 -> 0.2.13"
notes = "Audited at https://fxrev.dev/946396"
aggregated-from = "https://fuchsia.googlesource.com/fuchsia/+/refs/heads/main/third_party/rust_crates/supply-chain/audits.toml?format=TEXT"

[[audits.google.audits.proc-macro-error-attr]]
who = "George Burgess IV <gbiv@google.com>"
criteria = "safe-to-deploy"
version = "1.0.4"
aggregated-from = "https://chromium.googlesource.com/chromiumos/third_party/rust_crates/+/refs/heads/main/cargo-vet/audits.toml?format=TEXT"

[[audits.google.audits.proc-macro2]]
who = "Lukasz Anforowicz <lukasza@chromium.org>"
criteria = "safe-to-deploy"
version = "1.0.78"
notes = """
Grepped for "crypt", "cipher", "fs", "net" - there were no hits
(except for a benign "fs" hit in a doc comment)

Notes from the `unsafe` review can be found in https://crrev.com/c/5385745.
"""
aggregated-from = "https://chromium.googlesource.com/chromium/src/+/main/third_party/rust/chromium_crates_io/supply-chain/audits.toml?format=TEXT"

[[audits.google.audits.proc-macro2]]
who = "Adrian Taylor <adetaylor@chromium.org>"
criteria = "safe-to-deploy"
delta = "1.0.78 -> 1.0.79"
aggregated-from = "https://chromium.googlesource.com/chromium/src/+/main/third_party/rust/chromium_crates_io/supply-chain/audits.toml?format=TEXT"

[[audits.google.audits.proc-macro2]]
who = "Adrian Taylor <adetaylor@chromium.org>"
criteria = "safe-to-deploy"
delta = "1.0.79 -> 1.0.80"
aggregated-from = "https://chromium.googlesource.com/chromium/src/+/main/third_party/rust/chromium_crates_io/supply-chain/audits.toml?format=TEXT"

[[audits.google.audits.proc-macro2]]
who = "Dustin J. Mitchell <djmitche@chromium.org>"
criteria = "safe-to-deploy"
delta = "1.0.80 -> 1.0.81"
notes = "Comment changes only"
aggregated-from = "https://chromium.googlesource.com/chromium/src/+/main/third_party/rust/chromium_crates_io/supply-chain/audits.toml?format=TEXT"

[[audits.google.audits.proc-macro2]]
who = "danakj <danakj@chromium.org>"
criteria = "safe-to-deploy"
delta = "1.0.81 -> 1.0.82"
aggregated-from = "https://chromium.googlesource.com/chromium/src/+/main/third_party/rust/chromium_crates_io/supply-chain/audits.toml?format=TEXT"

[[audits.google.audits.proc-macro2]]
who = "Dustin J. Mitchell <djmitche@chromium.org>"
criteria = "safe-to-deploy"
delta = "1.0.82 -> 1.0.83"
notes = "Substantive change is replacing String with Box<str>, saving memory."
aggregated-from = "https://chromium.googlesource.com/chromium/src/+/main/third_party/rust/chromium_crates_io/supply-chain/audits.toml?format=TEXT"

[[audits.google.audits.proc-macro2]]
who = "Lukasz Anforowicz <lukasza@chromium.org>"
criteria = "safe-to-deploy"
delta = "1.0.83 -> 1.0.84"
notes = "Only doc comment changes in `src/lib.rs`."
aggregated-from = "https://chromium.googlesource.com/chromium/src/+/main/third_party/rust/chromium_crates_io/supply-chain/audits.toml?format=TEXT"

[[audits.google.audits.proc-macro2]]
who = "danakj@chromium.org"
criteria = "safe-to-deploy"
delta = "1.0.84 -> 1.0.85"
notes = "Test-only changes."
aggregated-from = "https://chromium.googlesource.com/chromium/src/+/main/third_party/rust/chromium_crates_io/supply-chain/audits.toml?format=TEXT"

[[audits.google.audits.proc-macro2]]
who = "Lukasz Anforowicz <lukasza@chromium.org>"
criteria = "safe-to-deploy"
delta = "1.0.85 -> 1.0.86"
notes = """
Comment-only changes in `build.rs`.
Reordering of `Cargo.toml` entries.
Just bumping up the version number in `lib.rs`.
Config-related changes in `test_size.rs`.
"""
aggregated-from = "https://chromium.googlesource.com/chromium/src/+/main/third_party/rust/chromium_crates_io/supply-chain/audits.toml?format=TEXT"

[[audits.google.audits.proc-macro2]]
who = "danakj <danakj@chromium.org>"
criteria = "safe-to-deploy"
delta = "1.0.86 -> 1.0.87"
notes = "No new unsafe interactions."
aggregated-from = "https://chromium.googlesource.com/chromium/src/+/main/third_party/rust/chromium_crates_io/supply-chain/audits.toml?format=TEXT"

[[audits.google.audits.proc-macro2]]
who = "Liza Burakova <liza@chromium.org"
criteria = "safe-to-deploy"
delta = "1.0.87 -> 1.0.89"
notes = """
Biggest change is adding error handling in build.rs.
Some config related changes in wrapper.rs.
"""
aggregated-from = "https://chromium.googlesource.com/chromium/src/+/main/third_party/rust/chromium_crates_io/supply-chain/audits.toml?format=TEXT"

[[audits.google.audits.proc-macro2]]
who = "Lukasz Anforowicz <lukasza@chromium.org>"
criteria = "safe-to-deploy"
delta = "1.0.89 -> 1.0.92"
notes = """
I looked at the delta and the previous discussion at
https://chromium-review.googlesource.com/c/chromium/src/+/5385745/3#message-a8e2813129fa3779dab15acede408ee26d67b7f3
and the changes look okay to me (including the `unsafe fn from_str_unchecked`
changes in `wrapper.rs`).
"""
aggregated-from = "https://chromium.googlesource.com/chromium/src/+/main/third_party/rust/chromium_crates_io/supply-chain/audits.toml?format=TEXT"

[[audits.google.audits.proc-macro2]]
who = "Lukasz Anforowicz <lukasza@chromium.org>"
criteria = "safe-to-deploy"
delta = "1.0.92 -> 1.0.93"
notes = "No `unsafe`-related changes."
aggregated-from = "https://chromium.googlesource.com/chromium/src/+/main/third_party/rust/chromium_crates_io/supply-chain/audits.toml?format=TEXT"

[[audits.google.audits.proc-macro2]]
who = "Daniel Cheng <dcheng@chromium.org>"
criteria = "safe-to-deploy"
delta = "1.0.93 -> 1.0.94"
notes = "Minor doc changes and clippy lint adjustments+fixes."
aggregated-from = "https://chromium.googlesource.com/chromium/src/+/main/third_party/rust/chromium_crates_io/supply-chain/audits.toml?format=TEXT"

[[audits.google.audits.quote]]
who = "Lukasz Anforowicz <lukasza@chromium.org>"
criteria = "safe-to-deploy"
version = "1.0.35"
notes = """
Grepped for "unsafe", "crypt", "cipher", "fs", "net" - there were no hits
(except for benign "net" hit in tests and "fs" hit in README.md)
"""
aggregated-from = "https://chromium.googlesource.com/chromium/src/+/main/third_party/rust/chromium_crates_io/supply-chain/audits.toml?format=TEXT"

[[audits.google.audits.quote]]
who = "Adrian Taylor <adetaylor@chromium.org>"
criteria = "safe-to-deploy"
delta = "1.0.35 -> 1.0.36"
aggregated-from = "https://chromium.googlesource.com/chromium/src/+/main/third_party/rust/chromium_crates_io/supply-chain/audits.toml?format=TEXT"

[[audits.google.audits.quote]]
who = "Lukasz Anforowicz <lukasza@chromium.org>"
criteria = "safe-to-deploy"
delta = "1.0.36 -> 1.0.37"
notes = """
The delta just 1) inlines/expands `impl ToTokens` that used to be handled via
`primitive!` macro and 2) adds `impl ToTokens` for `CStr` and `CString`.
"""
aggregated-from = "https://chromium.googlesource.com/chromium/src/+/main/third_party/rust/chromium_crates_io/supply-chain/audits.toml?format=TEXT"

[[audits.google.audits.quote]]
who = "Dustin J. Mitchell <djmitche@chromium.org>"
criteria = "safe-to-deploy"
delta = "1.0.37 -> 1.0.38"
notes = "Still no unsafe"
aggregated-from = "https://chromium.googlesource.com/chromium/src/+/main/third_party/rust/chromium_crates_io/supply-chain/audits.toml?format=TEXT"

[[audits.google.audits.quote]]
who = "Daniel Cheng <dcheng@chromium.org>"
criteria = "safe-to-deploy"
delta = "1.0.38 -> 1.0.39"
notes = "Only minor changes for clippy lints and documentation."
aggregated-from = "https://chromium.googlesource.com/chromium/src/+/main/third_party/rust/chromium_crates_io/supply-chain/audits.toml?format=TEXT"

[[audits.google.audits.quote]]
who = "Lukasz Anforowicz <lukasza@chromium.org>"
criteria = "safe-to-deploy"
delta = "1.0.39 -> 1.0.40"
notes = """
The delta is just a simplification of how `tokens.extend(...)` call is made.
Still no `unsafe` anywhere.
"""
aggregated-from = "https://chromium.googlesource.com/chromium/src/+/main/third_party/rust/chromium_crates_io/supply-chain/audits.toml?format=TEXT"

[[audits.google.audits.slab]]
who = "Android Legacy"
criteria = "safe-to-run"
version = "0.4.7"
aggregated-from = "https://chromium.googlesource.com/chromiumos/third_party/rust_crates/+/refs/heads/main/cargo-vet/audits.toml?format=TEXT"

[[audits.google.audits.unicode-ident]]
who = "Lukasz Anforowicz <lukasza@chromium.org>"
criteria = "safe-to-deploy"
version = "1.0.12"
notes = '''
I grepped for \"crypt\", \"cipher\", \"fs\", \"net\" - there were no hits.

All two functions from the public API of this crate use `unsafe` to avoid bound
checks for an array access.  Cross-module analysis shows that the offsets can
be statically proven to be within array bounds.  More details can be found in
the unsafe review CL at https://crrev.com/c/5350386.

This crate has been added to Chromium in https://crrev.com/c/3891618.
'''
aggregated-from = "https://chromium.googlesource.com/chromium/src/+/main/third_party/rust/chromium_crates_io/supply-chain/audits.toml?format=TEXT"

[[audits.google.audits.unicode-ident]]
who = "Dustin J. Mitchell <djmitche@chromium.org>"
criteria = "safe-to-deploy"
delta = "1.0.12 -> 1.0.13"
notes = "Lots of table updates, and tables are assumed correct with unsafe `.get_unchecked()`, so ub-risk-2 is appropriate"
aggregated-from = "https://chromium.googlesource.com/chromium/src/+/main/third_party/rust/chromium_crates_io/supply-chain/audits.toml?format=TEXT"

[[audits.google.audits.unicode-ident]]
who = "Lukasz Anforowicz <lukasza@chromium.org>"
criteria = "safe-to-deploy"
delta = "1.0.13 -> 1.0.14"
notes = "Minimal delta in `.rs` files: new test assertions + doc changes."
aggregated-from = "https://chromium.googlesource.com/chromium/src/+/main/third_party/rust/chromium_crates_io/supply-chain/audits.toml?format=TEXT"

[[audits.google.audits.unicode-ident]]
who = "Adrian Taylor <adetaylor@chromium.org>"
criteria = "safe-to-deploy"
delta = "1.0.14 -> 1.0.15"
notes = "No changes relevant to any of these criteria."
aggregated-from = "https://chromium.googlesource.com/chromium/src/+/main/third_party/rust/chromium_crates_io/supply-chain/audits.toml?format=TEXT"

[[audits.google.audits.unicode-ident]]
who = "Liza Burakova <liza@chromium.org>"
criteria = "safe-to-deploy"
delta = "1.0.15 -> 1.0.16"
aggregated-from = "https://chromium.googlesource.com/chromium/src/+/main/third_party/rust/chromium_crates_io/supply-chain/audits.toml?format=TEXT"

[[audits.google.audits.unicode-ident]]
who = "Daniel Cheng <dcheng@chromium.org>"
criteria = "safe-to-deploy"
delta = "1.0.16 -> 1.0.18"
notes = "Only minor comment and documentation updates."
aggregated-from = "https://chromium.googlesource.com/chromium/src/+/main/third_party/rust/chromium_crates_io/supply-chain/audits.toml?format=TEXT"

[[audits.google.audits.version_check]]
who = "George Burgess IV <gbiv@google.com>"
criteria = "safe-to-deploy"
version = "0.9.4"
aggregated-from = "https://chromium.googlesource.com/chromiumos/third_party/rust_crates/+/refs/heads/main/cargo-vet/audits.toml?format=TEXT"

[[audits.google.audits.void]]
who = "George Burgess IV <gbiv@google.com>"
criteria = "safe-to-deploy"
version = "1.0.2"
aggregated-from = "https://chromium.googlesource.com/chromiumos/third_party/rust_crates/+/refs/heads/main/cargo-vet/audits.toml?format=TEXT"

[[audits.mozilla.audits.adler2]]
who = "Erich Gubler <erichdongubler@gmail.com>"
criteria = "safe-to-deploy"
delta = "2.0.0 -> 2.0.1"
aggregated-from = "https://hg.mozilla.org/mozilla-central/raw-file/tip/supply-chain/audits.toml"

[[audits.mozilla.audits.bitflags]]
who = "Nika Layzell <nika@thelayzells.com>"
criteria = "safe-to-deploy"
delta = "2.9.0 -> 2.9.1"
aggregated-from = "https://raw.githubusercontent.com/mozilla/cargo-vet/main/supply-chain/audits.toml"

[[audits.mozilla.audits.libc]]
who = "Erich Gubler <erichdongubler@gmail.com>"
criteria = "safe-to-deploy"
delta = "0.2.171 -> 0.2.176"
aggregated-from = "https://hg.mozilla.org/mozilla-central/raw-file/tip/supply-chain/audits.toml"

[[audits.mozilla.audits.maybe-async]]
who = "Benjamin Beurdouche <beurdouche@mozilla.com>"
criteria = "safe-to-deploy"
version = "0.2.10"
aggregated-from = "https://hg.mozilla.org/mozilla-central/raw-file/tip/supply-chain/audits.toml"

[[audits.mozilla.audits.mio]]
who = "Mike Hommey <mh+mozilla@glandium.org>"
criteria = "safe-to-deploy"
delta = "0.8.8 -> 1.0.1"
aggregated-from = "https://hg.mozilla.org/mozilla-central/raw-file/tip/supply-chain/audits.toml"

[[audits.mozilla.audits.num]]
who = "Josh Stone <jistone@redhat.com>"
criteria = "safe-to-deploy"
version = "0.4.0"
notes = "All code written or reviewed by Josh Stone."
aggregated-from = "https://hg.mozilla.org/mozilla-central/raw-file/tip/supply-chain/audits.toml"

[[audits.mozilla.audits.num-complex]]
who = "Josh Stone <jistone@redhat.com>"
criteria = "safe-to-deploy"
version = "0.4.2"
notes = "All code written or reviewed by Josh Stone."
aggregated-from = "https://hg.mozilla.org/mozilla-central/raw-file/tip/supply-chain/audits.toml"

[[audits.mozilla.audits.num-rational]]
who = "Josh Stone <jistone@redhat.com>"
criteria = "safe-to-deploy"
version = "0.4.1"
notes = "All code written or reviewed by Josh Stone."
aggregated-from = "https://hg.mozilla.org/mozilla-central/raw-file/tip/supply-chain/audits.toml"

[[audits.mozilla.audits.pin-project-lite]]
who = "Nika Layzell <nika@thelayzells.com>"
criteria = "safe-to-deploy"
delta = "0.2.14 -> 0.2.16"
notes = """
Only functional change is to work around a bug in the negative_impls feature
(https://github.com/taiki-e/pin-project/issues/340#issuecomment-2432146009)
"""
aggregated-from = "https://raw.githubusercontent.com/mozilla/cargo-vet/main/supply-chain/audits.toml"

[[audits.mozilla.audits.slab]]
who = "Mike Hommey <mh+mozilla@glandium.org>"
criteria = "safe-to-deploy"
delta = "0.4.7 -> 0.4.8"
aggregated-from = "https://hg.mozilla.org/mozilla-central/raw-file/tip/supply-chain/audits.toml"
